
Microsoft Visual Studio Solution File, Format Version 12.00
# Visual Studio Version 17
VisualStudioVersion = 17.8.34511.84
MinimumVisualStudioVersion = 10.0.40219.1
Project("{9A19103F-16F7-4668-BE54-9A1E7A4F7556}") = "ProgTechniques.OptionsConfigPattern", "ProgTechniques.OptionsConfigPattern\ProgTechniques.OptionsConfigPattern.csproj", "{919FF226-05DE-4AFC-9737-70D8A679A32E}"
EndProject
Project("{FAE04EC0-301F-11D3-BF4B-00C04F79EFBC}") = "ProgTechniques.ListOperations", "ProgTechniques.ListOperations\ProgTechniques.ListOperations.csproj", "{06D84C88-FFA5-45B4-9004-89409FB31689}"
EndProject
Global
	GlobalSection(SolutionConfigurationPlatforms) = preSolution
		Debug|Any CPU = Debug|Any CPU
		Release|Any CPU = Release|Any CPU
	EndGlobalSection
	GlobalSection(ProjectConfigurationPlatforms) = postSolution
		{919FF226-05DE-4AFC-9737-70D8A679A32E}.Debug|Any CPU.ActiveCfg = Debug|Any CPU
		{919FF226-05DE-4AFC-9737-70D8A679A32E}.Debug|Any CPU.Build.0 = Debug|Any CPU
		{919FF226-05DE-4AFC-9737-70D8A679A32E}.Release|Any CPU.ActiveCfg = Release|Any CPU
		{919FF226-05DE-4AFC-9737-70D8A679A32E}.Release|Any CPU.Build.0 = Release|Any CPU
		{06D84C88-FFA5-45B4-9004-89409FB31689}.Debug|Any CPU.ActiveCfg = Debug|Any CPU
		{06D84C88-FFA5-45B4-9004-89409FB31689}.Debug|Any CPU.Build.0 = Debug|Any CPU
		{06D84C88-FFA5-45B4-9004-89409FB31689}.Release|Any CPU.ActiveCfg = Release|Any CPU
		{06D84C88-FFA5-45B4-9004-89409FB31689}.Release|Any CPU.Build.0 = Release|Any CPU
	EndGlobalSection
	GlobalSection(SolutionProperties) = preSolution
		HideSolutionNode = FALSE
	EndGlobalSection
	GlobalSection(ExtensibilityGlobals) = postSolution
		SolutionGuid = {D619177C-B931-40A8-AA06-D3200490A752}
	EndGlobalSection
EndGlobal
